
Microsoft Visual Studio Solution File, Format Version 12.00
# Visual Studio Version 16
VisualStudioVersion = 16.0.30804.86
MinimumVisualStudioVersion = 10.0.40219.1
Project("{FAE04EC0-301F-11D3-BF4B-00C04F79EFBC}") = "LaTeamFrontEnd", "LaTeamFrontEnd.csproj", "{5E4C166E-713D-4CE0-B785-19075DCD4AFD}"
EndProject
Global
	GlobalSection(SolutionConfigurationPlatforms) = preSolution
		Debug|Any CPU = Debug|Any CPU
		Release|Any CPU = Release|Any CPU
	EndGlobalSection
	GlobalSection(ProjectConfigurationPlatforms) = postSolution
		{5E4C166E-713D-4CE0-B785-19075DCD4AFD}.Debug|Any CPU.ActiveCfg = Debug|Any CPU
		{5E4C166E-713D-4CE0-B785-19075DCD4AFD}.Debug|Any CPU.Build.0 = Debug|Any CPU
		{5E4C166E-713D-4CE0-B785-19075DCD4AFD}.Release|Any CPU.ActiveCfg = Release|Any CPU
		{5E4C166E-713D-4CE0-B785-19075DCD4AFD}.Release|Any CPU.Build.0 = Release|Any CPU
	EndGlobalSection
	GlobalSection(SolutionProperties) = preSolution
		HideSolutionNode = FALSE
	EndGlobalSection
	GlobalSection(ExtensibilityGlobals) = postSolution
		SolutionGuid = {F00862A3-11EC-4736-8064-902C4314D018}
	EndGlobalSection
EndGlobal
